
Microsoft Visual Studio Solution File, Format Version 12.00
# Visual Studio Version 17
VisualStudioVersion = 17.2.32630.192
MinimumVisualStudioVersion = 10.0.40219.1
Project("{FAE04EC0-301F-11D3-BF4B-00C04F79EFBC}") = "phase-2-back", "phase-2-back\phase-2-back.csproj", "{4ED47F8E-6A23-493C-A089-72A2F0501A1C}"
EndProject
Project("{FAE04EC0-301F-11D3-BF4B-00C04F79EFBC}") = "phase-2-back-unit-test", "phase-2-back-unit-test\phase-2-back-unit-test.csproj", "{610A0A7A-BF57-4B9B-9D2C-8C326DAFD466}"
EndProject
Project("{2150E333-8FDC-42A3-9474-1A3956D46DE8}") = "Solution Items", "Solution Items", "{6E3549CB-1E53-4497-BFA8-F7987C4498F5}"
EndProject
Global
	GlobalSection(SolutionConfigurationPlatforms) = preSolution
		Debug|Any CPU = Debug|Any CPU
		Release|Any CPU = Release|Any CPU
	EndGlobalSection
	GlobalSection(ProjectConfigurationPlatforms) = postSolution
		{4ED47F8E-6A23-493C-A089-72A2F0501A1C}.Debug|Any CPU.ActiveCfg = Debug|Any CPU
		{4ED47F8E-6A23-493C-A089-72A2F0501A1C}.Debug|Any CPU.Build.0 = Debug|Any CPU
		{4ED47F8E-6A23-493C-A089-72A2F0501A1C}.Release|Any CPU.ActiveCfg = Release|Any CPU
		{4ED47F8E-6A23-493C-A089-72A2F0501A1C}.Release|Any CPU.Build.0 = Release|Any CPU
		{610A0A7A-BF57-4B9B-9D2C-8C326DAFD466}.Debug|Any CPU.ActiveCfg = Debug|Any CPU
		{610A0A7A-BF57-4B9B-9D2C-8C326DAFD466}.Debug|Any CPU.Build.0 = Debug|Any CPU
		{610A0A7A-BF57-4B9B-9D2C-8C326DAFD466}.Release|Any CPU.ActiveCfg = Release|Any CPU
		{610A0A7A-BF57-4B9B-9D2C-8C326DAFD466}.Release|Any CPU.Build.0 = Release|Any CPU
	EndGlobalSection
	GlobalSection(SolutionProperties) = preSolution
		HideSolutionNode = FALSE
	EndGlobalSection
	GlobalSection(ExtensibilityGlobals) = postSolution
		SolutionGuid = {870045D4-59B0-455F-9088-149BBD0827A9}
	EndGlobalSection
EndGlobal
